[root]
name = "ludum31"
version = "0.0.1"
dependencies = [
 "cgmath 0.0.1 (git+https://github.com/bjz/cgmath-rs)",
 "game_platforms 0.0.1",
 "gl 0.0.2 (git+https://github.com/bjz/gl-rs)",
 "lodepng 0.1.0 (git+https://github.com/nukep/lodepng-rust)",
 "sdl2 0.0.10 (git+https://github.com/AngryLawyer/rust-sdl2)",
 "synth 0.0.1",
 "time 0.1.2 (git+https://github.com/rust-lang/time)",
]

[[package]]
name = "cgmath"
version = "0.0.1"
source = "git+https://github.com/bjz/cgmath-rs#d9608b57571d3caf56885eaa55067515651ce23b"

[[package]]
name = "game_platforms"
version = "0.0.1"
dependencies = [
 "sdl2 0.0.10 (git+https://github.com/AngryLawyer/rust-sdl2)",
 "time 0.1.2 (git+https://github.com/rust-lang/time)",
]

[[package]]
name = "gcc"
version = "0.1.1"
source = "git+https://github.com/alexcrichton/gcc-rs#d35c34c871dd75f97fadf04cb0ed85d997a9bc0c"

[[package]]
name = "gl"
version = "0.0.2"
source = "git+https://github.com/bjz/gl-rs#a9e95f3dc8b1006256af824fdfecb03302cf9893"
dependencies = [
 "gl_generator 0.0.4 (git+https://github.com/bjz/gl-rs)",
]

[[package]]
name = "gl_common"
version = "0.0.3"
source = "git+https://github.com/bjz/gl-rs#a9e95f3dc8b1006256af824fdfecb03302cf9893"

[[package]]
name = "gl_generator"
version = "0.0.4"
source = "git+https://github.com/bjz/gl-rs#a9e95f3dc8b1006256af824fdfecb03302cf9893"
dependencies = [
 "gl_common 0.0.3 (git+https://github.com/bjz/gl-rs)",
 "khronos_api 0.0.3 (git+https://github.com/bjz/gl-rs)",
 "xml-rs 0.1.3 (registry+https://github.com/rust-lang/crates.io-index)",
]

[[package]]
name = "khronos_api"
version = "0.0.3"
source = "git+https://github.com/bjz/gl-rs#a9e95f3dc8b1006256af824fdfecb03302cf9893"

[[package]]
name = "lodepng"
version = "0.1.0"
source = "git+https://github.com/nukep/lodepng-rust#d75669f22b6ea2e95172fcd4fe02c2eca38b845f"

[[package]]
name = "sdl2"
version = "0.0.10"
source = "git+https://github.com/AngryLawyer/rust-sdl2#2443bab12097018505dbb303a5fb70e86afa9bab"

[[package]]
name = "synth"
version = "0.0.1"

[[package]]
name = "time"
version = "0.1.2"
source = "git+https://github.com/rust-lang/time#0e9230893ef6508f26fb270001e387fd680ef07d"
dependencies = [
 "gcc 0.1.1 (git+https://github.com/alexcrichton/gcc-rs)",
]

[[package]]
name = "xml-rs"
version = "0.1.3"
source = "registry+https://github.com/rust-lang/crates.io-index"

